
Microsoft Visual Studio Solution File, Format Version 12.00
# Visual Studio Version 17
VisualStudioVersion = 17.10.35027.167
MinimumVisualStudioVersion = 10.0.40219.1
Project("{9A19103F-16F7-4668-BE54-9A1E7A4F7556}") = "CleanCode", "CleanCode\CleanCode.csproj", "{C67AB91C-25EC-49F8-8374-D916D829B86A}"
EndProject
Project("{FAE04EC0-301F-11D3-BF4B-00C04F79EFBC}") = "CleanCodeTests", "CleanCodeTests\CleanCodeTests.csproj", "{4E7F5B8D-20D3-44A2-8545-FBC504D5BED4}"
EndProject
Global
	GlobalSection(SolutionConfigurationPlatforms) = preSolution
		Debug|Any CPU = Debug|Any CPU
		Release|Any CPU = Release|Any CPU
	EndGlobalSection
	GlobalSection(ProjectConfigurationPlatforms) = postSolution
		{C67AB91C-25EC-49F8-8374-D916D829B86A}.Debug|Any CPU.ActiveCfg = Debug|Any CPU
		{C67AB91C-25EC-49F8-8374-D916D829B86A}.Debug|Any CPU.Build.0 = Debug|Any CPU
		{C67AB91C-25EC-49F8-8374-D916D829B86A}.Release|Any CPU.ActiveCfg = Release|Any CPU
		{C67AB91C-25EC-49F8-8374-D916D829B86A}.Release|Any CPU.Build.0 = Release|Any CPU
		{4E7F5B8D-20D3-44A2-8545-FBC504D5BED4}.Debug|Any CPU.ActiveCfg = Debug|Any CPU
		{4E7F5B8D-20D3-44A2-8545-FBC504D5BED4}.Debug|Any CPU.Build.0 = Debug|Any CPU
		{4E7F5B8D-20D3-44A2-8545-FBC504D5BED4}.Release|Any CPU.ActiveCfg = Release|Any CPU
		{4E7F5B8D-20D3-44A2-8545-FBC504D5BED4}.Release|Any CPU.Build.0 = Release|Any CPU
	EndGlobalSection
	GlobalSection(SolutionProperties) = preSolution
		HideSolutionNode = FALSE
	EndGlobalSection
	GlobalSection(ExtensibilityGlobals) = postSolution
		SolutionGuid = {65A1DEE6-E749-4945-8907-FBD1881A05E1}
	EndGlobalSection
EndGlobal
